
Microsoft Visual Studio Solution File, Format Version 12.00
# Visual Studio Version 17
VisualStudioVersion = 17.0.31903.59
MinimumVisualStudioVersion = 10.0.40219.1
Project("{FAE04EC0-301F-11D3-BF4B-00C04F79EFBC}") = "CLI", "CLI\CLI.csproj", "{F3E99981-2241-48CC-A0EF-81840899DC41}"
EndProject
Project("{FAE04EC0-301F-11D3-BF4B-00C04F79EFBC}") = "Core", "Core\Core.csproj", "{204AC278-4C5A-48B6-9F3A-CB8ACB2C88D2}"
EndProject
Global
	GlobalSection(SolutionConfigurationPlatforms) = preSolution
		Debug|Any CPU = Debug|Any CPU
		Release|Any CPU = Release|Any CPU
	EndGlobalSection
	GlobalSection(SolutionProperties) = preSolution
		HideSolutionNode = FALSE
	EndGlobalSection
	GlobalSection(ProjectConfigurationPlatforms) = postSolution
		{F3E99981-2241-48CC-A0EF-81840899DC41}.Debug|Any CPU.ActiveCfg = Debug|Any CPU
		{F3E99981-2241-48CC-A0EF-81840899DC41}.Debug|Any CPU.Build.0 = Debug|Any CPU
		{F3E99981-2241-48CC-A0EF-81840899DC41}.Release|Any CPU.ActiveCfg = Release|Any CPU
		{F3E99981-2241-48CC-A0EF-81840899DC41}.Release|Any CPU.Build.0 = Release|Any CPU
		{204AC278-4C5A-48B6-9F3A-CB8ACB2C88D2}.Debug|Any CPU.ActiveCfg = Debug|Any CPU
		{204AC278-4C5A-48B6-9F3A-CB8ACB2C88D2}.Debug|Any CPU.Build.0 = Debug|Any CPU
		{204AC278-4C5A-48B6-9F3A-CB8ACB2C88D2}.Release|Any CPU.ActiveCfg = Release|Any CPU
		{204AC278-4C5A-48B6-9F3A-CB8ACB2C88D2}.Release|Any CPU.Build.0 = Release|Any CPU
	EndGlobalSection
EndGlobal
